
Microsoft Visual Studio Solution File, Format Version 12.00
# Visual Studio Version 16
Project("{8BC9CEB8-8B4A-11D0-8D11-00A0C91BC942}") = "Astral.Canvas", "Astral.Canvas.vcxproj", "{363E6D13-A2FE-E849-6B39-32C7D7B82D26}"
EndProject
Project("{8BC9CEB8-8B4A-11D0-8D11-00A0C91BC942}") = "Astral.Reflect", "Astral.Reflect\Astral.Reflect.vcxproj", "{5F067D0C-4BD4-7012-3468-E13820D54C77}"
EndProject
Project("{8BC9CEB8-8B4A-11D0-8D11-00A0C91BC942}") = "Astral.Shaderc", "Astral.Shaderc\Astral.Shaderc.vcxproj", "{54E11760-40AF-0B66-2943-7C8C15B0E7CA}"
EndProject
Project("{8BC9CEB8-8B4A-11D0-8D11-00A0C91BC942}") = "AstralCanvasBindingsGenerator", "BindingsGenerator\AstralCanvasBindingsGenerator.vcxproj", "{DD819672-499A-7D9C-1247-0D367E1E1236}"
EndProject
Project("{8BC9CEB8-8B4A-11D0-8D11-00A0C91BC942}") = "AstralCanvasTest", "Test\AstralCanvasTest.vcxproj", "{C816414D-B40F-609F-DD41-4524C9993FAB}"
EndProject
Project("{8BC9CEB8-8B4A-11D0-8D11-00A0C91BC942}") = "GLFW", "dependencies\glfw\GLFW.vcxproj", "{154B857C-0182-860D-AA6E-6C109684020F}"
EndProject
Global
	GlobalSection(SolutionConfigurationPlatforms) = preSolution
		Debug|Linux = Debug|Linux
		Debug|MacOS = Debug|MacOS
		Debug|Windows = Debug|Windows
		Release|Linux = Release|Linux
		Release|MacOS = Release|MacOS
		Release|Windows = Release|Windows
	EndGlobalSection
	GlobalSection(ProjectConfigurationPlatforms) = postSolution
		{363E6D13-A2FE-E849-6B39-32C7D7B82D26}.Debug|Linux.ActiveCfg = Debug Linux|Win32
		{363E6D13-A2FE-E849-6B39-32C7D7B82D26}.Debug|Linux.Build.0 = Debug Linux|Win32
		{363E6D13-A2FE-E849-6B39-32C7D7B82D26}.Debug|MacOS.ActiveCfg = Debug MacOS|Win32
		{363E6D13-A2FE-E849-6B39-32C7D7B82D26}.Debug|MacOS.Build.0 = Debug MacOS|Win32
		{363E6D13-A2FE-E849-6B39-32C7D7B82D26}.Debug|Windows.ActiveCfg = Debug Windows|x64
		{363E6D13-A2FE-E849-6B39-32C7D7B82D26}.Debug|Windows.Build.0 = Debug Windows|x64
		{363E6D13-A2FE-E849-6B39-32C7D7B82D26}.Release|Linux.ActiveCfg = Release Linux|Win32
		{363E6D13-A2FE-E849-6B39-32C7D7B82D26}.Release|Linux.Build.0 = Release Linux|Win32
		{363E6D13-A2FE-E849-6B39-32C7D7B82D26}.Release|MacOS.ActiveCfg = Release MacOS|Win32
		{363E6D13-A2FE-E849-6B39-32C7D7B82D26}.Release|MacOS.Build.0 = Release MacOS|Win32
		{363E6D13-A2FE-E849-6B39-32C7D7B82D26}.Release|Windows.ActiveCfg = Release Windows|x64
		{363E6D13-A2FE-E849-6B39-32C7D7B82D26}.Release|Windows.Build.0 = Release Windows|x64
		{5F067D0C-4BD4-7012-3468-E13820D54C77}.Debug|Linux.ActiveCfg = Debug Linux|Win32
		{5F067D0C-4BD4-7012-3468-E13820D54C77}.Debug|Linux.Build.0 = Debug Linux|Win32
		{5F067D0C-4BD4-7012-3468-E13820D54C77}.Debug|MacOS.ActiveCfg = Debug MacOS|Win32
		{5F067D0C-4BD4-7012-3468-E13820D54C77}.Debug|MacOS.Build.0 = Debug MacOS|Win32
		{5F067D0C-4BD4-7012-3468-E13820D54C77}.Debug|Windows.ActiveCfg = Debug Windows|x64
		{5F067D0C-4BD4-7012-3468-E13820D54C77}.Debug|Windows.Build.0 = Debug Windows|x64
		{5F067D0C-4BD4-7012-3468-E13820D54C77}.Release|Linux.ActiveCfg = Release Linux|Win32
		{5F067D0C-4BD4-7012-3468-E13820D54C77}.Release|Linux.Build.0 = Release Linux|Win32
		{5F067D0C-4BD4-7012-3468-E13820D54C77}.Release|MacOS.ActiveCfg = Release MacOS|Win32
		{5F067D0C-4BD4-7012-3468-E13820D54C77}.Release|MacOS.Build.0 = Release MacOS|Win32
		{5F067D0C-4BD4-7012-3468-E13820D54C77}.Release|Windows.ActiveCfg = Release Windows|x64
		{5F067D0C-4BD4-7012-3468-E13820D54C77}.Release|Windows.Build.0 = Release Windows|x64
		{54E11760-40AF-0B66-2943-7C8C15B0E7CA}.Debug|Linux.ActiveCfg = Debug Linux|Win32
		{54E11760-40AF-0B66-2943-7C8C15B0E7CA}.Debug|Linux.Build.0 = Debug Linux|Win32
		{54E11760-40AF-0B66-2943-7C8C15B0E7CA}.Debug|MacOS.ActiveCfg = Debug MacOS|Win32
		{54E11760-40AF-0B66-2943-7C8C15B0E7CA}.Debug|MacOS.Build.0 = Debug MacOS|Win32
		{54E11760-40AF-0B66-2943-7C8C15B0E7CA}.Debug|Windows.ActiveCfg = Debug Windows|x64
		{54E11760-40AF-0B66-2943-7C8C15B0E7CA}.Debug|Windows.Build.0 = Debug Windows|x64
		{54E11760-40AF-0B66-2943-7C8C15B0E7CA}.Release|Linux.ActiveCfg = Release Linux|Win32
		{54E11760-40AF-0B66-2943-7C8C15B0E7CA}.Release|Linux.Build.0 = Release Linux|Win32
		{54E11760-40AF-0B66-2943-7C8C15B0E7CA}.Release|MacOS.ActiveCfg = Release MacOS|Win32
		{54E11760-40AF-0B66-2943-7C8C15B0E7CA}.Release|MacOS.Build.0 = Release MacOS|Win32
		{54E11760-40AF-0B66-2943-7C8C15B0E7CA}.Release|Windows.ActiveCfg = Release Windows|x64
		{54E11760-40AF-0B66-2943-7C8C15B0E7CA}.Release|Windows.Build.0 = Release Windows|x64
		{DD819672-499A-7D9C-1247-0D367E1E1236}.Debug|Linux.ActiveCfg = Debug Linux|Win32
		{DD819672-499A-7D9C-1247-0D367E1E1236}.Debug|Linux.Build.0 = Debug Linux|Win32
		{DD819672-499A-7D9C-1247-0D367E1E1236}.Debug|MacOS.ActiveCfg = Debug MacOS|Win32
		{DD819672-499A-7D9C-1247-0D367E1E1236}.Debug|MacOS.Build.0 = Debug MacOS|Win32
		{DD819672-499A-7D9C-1247-0D367E1E1236}.Debug|Windows.ActiveCfg = Debug Windows|x64
		{DD819672-499A-7D9C-1247-0D367E1E1236}.Debug|Windows.Build.0 = Debug Windows|x64
		{DD819672-499A-7D9C-1247-0D367E1E1236}.Release|Linux.ActiveCfg = Release Linux|Win32
		{DD819672-499A-7D9C-1247-0D367E1E1236}.Release|Linux.Build.0 = Release Linux|Win32
		{DD819672-499A-7D9C-1247-0D367E1E1236}.Release|MacOS.ActiveCfg = Release MacOS|Win32
		{DD819672-499A-7D9C-1247-0D367E1E1236}.Release|MacOS.Build.0 = Release MacOS|Win32
		{DD819672-499A-7D9C-1247-0D367E1E1236}.Release|Windows.ActiveCfg = Release Windows|x64
		{DD819672-499A-7D9C-1247-0D367E1E1236}.Release|Windows.Build.0 = Release Windows|x64
		{C816414D-B40F-609F-DD41-4524C9993FAB}.Debug|Linux.ActiveCfg = Debug Linux|Win32
		{C816414D-B40F-609F-DD41-4524C9993FAB}.Debug|Linux.Build.0 = Debug Linux|Win32
		{C816414D-B40F-609F-DD41-4524C9993FAB}.Debug|MacOS.ActiveCfg = Debug MacOS|Win32
		{C816414D-B40F-609F-DD41-4524C9993FAB}.Debug|MacOS.Build.0 = Debug MacOS|Win32
		{C816414D-B40F-609F-DD41-4524C9993FAB}.Debug|Windows.ActiveCfg = Debug Windows|x64
		{C816414D-B40F-609F-DD41-4524C9993FAB}.Debug|Windows.Build.0 = Debug Windows|x64
		{C816414D-B40F-609F-DD41-4524C9993FAB}.Release|Linux.ActiveCfg = Release Linux|Win32
		{C816414D-B40F-609F-DD41-4524C9993FAB}.Release|Linux.Build.0 = Release Linux|Win32
		{C816414D-B40F-609F-DD41-4524C9993FAB}.Release|MacOS.ActiveCfg = Release MacOS|Win32
		{C816414D-B40F-609F-DD41-4524C9993FAB}.Release|MacOS.Build.0 = Release MacOS|Win32
		{C816414D-B40F-609F-DD41-4524C9993FAB}.Release|Windows.ActiveCfg = Release Windows|x64
		{C816414D-B40F-609F-DD41-4524C9993FAB}.Release|Windows.Build.0 = Release Windows|x64
		{154B857C-0182-860D-AA6E-6C109684020F}.Debug|Linux.ActiveCfg = Debug Linux|Win32
		{154B857C-0182-860D-AA6E-6C109684020F}.Debug|Linux.Build.0 = Debug Linux|Win32
		{154B857C-0182-860D-AA6E-6C109684020F}.Debug|MacOS.ActiveCfg = Debug MacOS|Win32
		{154B857C-0182-860D-AA6E-6C109684020F}.Debug|MacOS.Build.0 = Debug MacOS|Win32
		{154B857C-0182-860D-AA6E-6C109684020F}.Debug|Windows.ActiveCfg = Debug Windows|x64
		{154B857C-0182-860D-AA6E-6C109684020F}.Debug|Windows.Build.0 = Debug Windows|x64
		{154B857C-0182-860D-AA6E-6C109684020F}.Release|Linux.ActiveCfg = Release Linux|Win32
		{154B857C-0182-860D-AA6E-6C109684020F}.Release|Linux.Build.0 = Release Linux|Win32
		{154B857C-0182-860D-AA6E-6C109684020F}.Release|MacOS.ActiveCfg = Release MacOS|Win32
		{154B857C-0182-860D-AA6E-6C109684020F}.Release|MacOS.Build.0 = Release MacOS|Win32
		{154B857C-0182-860D-AA6E-6C109684020F}.Release|Windows.ActiveCfg = Release Windows|x64
		{154B857C-0182-860D-AA6E-6C109684020F}.Release|Windows.Build.0 = Release Windows|x64
	EndGlobalSection
	GlobalSection(SolutionProperties) = preSolution
		HideSolutionNode = FALSE
	EndGlobalSection
EndGlobal
